
Microsoft Visual Studio Solution File, Format Version 11.00
# Visual Studio 2010
Project("{FAE04EC0-301F-11D3-BF4B-00C04F79EFBC}") = "Assembly-CSharp", "Assembly-CSharp.csproj", "{49DB05DA-3DF9-C3E3-25A2-790D6AC5EC98}"
EndProject
Project("{FAE04EC0-301F-11D3-BF4B-00C04F79EFBC}") = "NaughtyAttributes.Core", "NaughtyAttributes.Core.csproj", "{BB027CDB-D3D6-8BFE-10B7-E7884A6201CF}"
EndProject
Project("{FAE04EC0-301F-11D3-BF4B-00C04F79EFBC}") = "NaughtyAttributes.Editor", "NaughtyAttributes.Editor.csproj", "{0A3233EC-F6DA-085F-CCFC-6422552F2CAA}"
EndProject
Global
	GlobalSection(SolutionConfigurationPlatforms) = preSolution
		Debug|Any CPU = Debug|Any CPU
		Release|Any CPU = Release|Any CPU
	EndGlobalSection
	GlobalSection(ProjectConfigurationPlatforms) = postSolution
		{49DB05DA-3DF9-C3E3-25A2-790D6AC5EC98}.Debug|Any CPU.ActiveCfg = Debug|Any CPU
		{49DB05DA-3DF9-C3E3-25A2-790D6AC5EC98}.Debug|Any CPU.Build.0 = Debug|Any CPU
		{49DB05DA-3DF9-C3E3-25A2-790D6AC5EC98}.Release|Any CPU.ActiveCfg = Release|Any CPU
		{49DB05DA-3DF9-C3E3-25A2-790D6AC5EC98}.Release|Any CPU.Build.0 = Release|Any CPU
		{BB027CDB-D3D6-8BFE-10B7-E7884A6201CF}.Debug|Any CPU.ActiveCfg = Debug|Any CPU
		{BB027CDB-D3D6-8BFE-10B7-E7884A6201CF}.Debug|Any CPU.Build.0 = Debug|Any CPU
		{BB027CDB-D3D6-8BFE-10B7-E7884A6201CF}.Release|Any CPU.ActiveCfg = Release|Any CPU
		{BB027CDB-D3D6-8BFE-10B7-E7884A6201CF}.Release|Any CPU.Build.0 = Release|Any CPU
		{0A3233EC-F6DA-085F-CCFC-6422552F2CAA}.Debug|Any CPU.ActiveCfg = Debug|Any CPU
		{0A3233EC-F6DA-085F-CCFC-6422552F2CAA}.Debug|Any CPU.Build.0 = Debug|Any CPU
		{0A3233EC-F6DA-085F-CCFC-6422552F2CAA}.Release|Any CPU.ActiveCfg = Release|Any CPU
		{0A3233EC-F6DA-085F-CCFC-6422552F2CAA}.Release|Any CPU.Build.0 = Release|Any CPU
	EndGlobalSection
	GlobalSection(SolutionProperties) = preSolution
		HideSolutionNode = FALSE
	EndGlobalSection
EndGlobal
